
Microsoft Visual Studio Solution File, Format Version 12.00
# Visual Studio Version 17
VisualStudioVersion = 17.12.35209.166
MinimumVisualStudioVersion = 10.0.40219.1
Project("{FAE04EC0-301F-11D3-BF4B-00C04F79EFBC}") = "Green Tech Sistema de Gerenciamento", "TELAS\Green Tech Sistema de Gerenciamento.csproj", "{1406680E-09C1-43EB-89E9-EE74E5BC807B}"
EndProject
Global
	GlobalSection(SolutionConfigurationPlatforms) = preSolution
		Debug|Any CPU = Debug|Any CPU
		Release|Any CPU = Release|Any CPU
	EndGlobalSection
	GlobalSection(ProjectConfigurationPlatforms) = postSolution
		{1406680E-09C1-43EB-89E9-EE74E5BC807B}.Debug|Any CPU.ActiveCfg = Debug|Any CPU
		{1406680E-09C1-43EB-89E9-EE74E5BC807B}.Debug|Any CPU.Build.0 = Debug|Any CPU
		{1406680E-09C1-43EB-89E9-EE74E5BC807B}.Release|Any CPU.ActiveCfg = Release|Any CPU
		{1406680E-09C1-43EB-89E9-EE74E5BC807B}.Release|Any CPU.Build.0 = Release|Any CPU
	EndGlobalSection
	GlobalSection(SolutionProperties) = preSolution
		HideSolutionNode = FALSE
	EndGlobalSection
	GlobalSection(ExtensibilityGlobals) = postSolution
		SolutionGuid = {53CA665F-604D-4E46-BB56-79DFFDA6C66D}
	EndGlobalSection
EndGlobal
